
Microsoft Visual Studio Solution File, Format Version 11.00
# Visual Studio 2010
Project("{FAE04EC0-301F-11D3-BF4B-00C04F79EFBC}") = "BowlingKata", "main\BowlingKata\BowlingKata.csproj", "{6A6EDDB4-D418-41D2-AFF0-9AB513920089}"
EndProject
Project("{FAE04EC0-301F-11D3-BF4B-00C04F79EFBC}") = "BowlingKata.Unit.Tests", "tests\BowlingKata.Unit.Tests\BowlingKata.Unit.Tests.csproj", "{F208412C-D90F-459D-A8A6-9A47BEE2C502}"
EndProject
Project("{FAE04EC0-301F-11D3-BF4B-00C04F79EFBC}") = "BowlingKata.Acceptance.Tests", "tests\BowlingKata.Acceptance.Tests\BowlingKata.Acceptance.Tests.csproj", "{2D588EBD-6F19-4F85-BF59-C7FA348AF2F0}"
EndProject
Global
	GlobalSection(SolutionConfigurationPlatforms) = preSolution
		Debug|Any CPU = Debug|Any CPU
		Release|Any CPU = Release|Any CPU
	EndGlobalSection
	GlobalSection(ProjectConfigurationPlatforms) = postSolution
		{6A6EDDB4-D418-41D2-AFF0-9AB513920089}.Debug|Any CPU.ActiveCfg = Debug|Any CPU
		{6A6EDDB4-D418-41D2-AFF0-9AB513920089}.Debug|Any CPU.Build.0 = Debug|Any CPU
		{6A6EDDB4-D418-41D2-AFF0-9AB513920089}.Release|Any CPU.ActiveCfg = Release|Any CPU
		{6A6EDDB4-D418-41D2-AFF0-9AB513920089}.Release|Any CPU.Build.0 = Release|Any CPU
		{F208412C-D90F-459D-A8A6-9A47BEE2C502}.Debug|Any CPU.ActiveCfg = Debug|Any CPU
		{F208412C-D90F-459D-A8A6-9A47BEE2C502}.Debug|Any CPU.Build.0 = Debug|Any CPU
		{F208412C-D90F-459D-A8A6-9A47BEE2C502}.Release|Any CPU.ActiveCfg = Release|Any CPU
		{F208412C-D90F-459D-A8A6-9A47BEE2C502}.Release|Any CPU.Build.0 = Release|Any CPU
		{2D588EBD-6F19-4F85-BF59-C7FA348AF2F0}.Debug|Any CPU.ActiveCfg = Debug|Any CPU
		{2D588EBD-6F19-4F85-BF59-C7FA348AF2F0}.Debug|Any CPU.Build.0 = Debug|Any CPU
		{2D588EBD-6F19-4F85-BF59-C7FA348AF2F0}.Release|Any CPU.ActiveCfg = Release|Any CPU
		{2D588EBD-6F19-4F85-BF59-C7FA348AF2F0}.Release|Any CPU.Build.0 = Release|Any CPU
	EndGlobalSection
	GlobalSection(SolutionProperties) = preSolution
		HideSolutionNode = FALSE
	EndGlobalSection
EndGlobal
